
Microsoft Visual Studio Solution File, Format Version 12.00
# Visual Studio Version 16
VisualStudioVersion = 16.0.31105.61
MinimumVisualStudioVersion = 10.0.40219.1
Project("{FAE04EC0-301F-11D3-BF4B-00C04F79EFBC}") = "NewMenu", "NewMenu\NewMenu.csproj", "{8A32E7EF-A09A-46FD-9ED0-58043FEF3039}"
EndProject
Global
	GlobalSection(SolutionConfigurationPlatforms) = preSolution
		Debug|Any CPU = Debug|Any CPU
		Release|Any CPU = Release|Any CPU
	EndGlobalSection
	GlobalSection(ProjectConfigurationPlatforms) = postSolution
		{8A32E7EF-A09A-46FD-9ED0-58043FEF3039}.Debug|Any CPU.ActiveCfg = Debug|Any CPU
		{8A32E7EF-A09A-46FD-9ED0-58043FEF3039}.Debug|Any CPU.Build.0 = Debug|Any CPU
		{8A32E7EF-A09A-46FD-9ED0-58043FEF3039}.Release|Any CPU.ActiveCfg = Release|Any CPU
		{8A32E7EF-A09A-46FD-9ED0-58043FEF3039}.Release|Any CPU.Build.0 = Release|Any CPU
	EndGlobalSection
	GlobalSection(SolutionProperties) = preSolution
		HideSolutionNode = FALSE
	EndGlobalSection
	GlobalSection(ExtensibilityGlobals) = postSolution
		SolutionGuid = {D7F48017-7770-481E-A29D-9D24388BB838}
	EndGlobalSection
EndGlobal
